{
  "name": "trusktr+chat-widget",
  "requires": true,
  "lockfileVersion": 1,
  "dependencies": {
    "@awaitbox/meteor-startup": {
      "version": "1.0.3",
      "resolved": "https://registry.npmjs.org/@awaitbox/meteor-startup/-/meteor-startup-1.0.3.tgz",
      "integrity": "sha512-pNGRY+6wex8AtNjlc2d5wzsgUq3FD03tRGKDOVBEfZNt4RZLo6EYwOMunFa4JPIT/csji6AHPD6g7tkNR7UVwg=="
    },
    "babel-runtime": {
      "version": "6.26.0",
      "resolved": "https://registry.npmjs.org/babel-runtime/-/babel-runtime-6.26.0.tgz",
      "integrity": "sha1-llxwWGaOgrVde/4E/yM3vItWR/4=",
      "requires": {
        "core-js": "2.5.3",
        "regenerator-runtime": "0.11.1"
      }
    },
    "core-js": {
      "version": "2.5.3",
      "resolved": "https://registry.npmjs.org/core-js/-/core-js-2.5.3.tgz",
      "integrity": "sha1-isw4NFgk8W2DZbfJtCWRaOjtYD4="
    },
    "lodash.omit": {
      "version": "4.5.0",
      "resolved": "https://registry.npmjs.org/lodash.omit/-/lodash.omit-4.5.0.tgz",
      "integrity": "sha1-brGa5aHuHdnfC5aeZs4Lf6MLXmA="
    },
    "regenerator-runtime": {
      "version": "0.11.1",
      "resolved": "https://registry.npmjs.org/regenerator-runtime/-/regenerator-runtime-0.11.1.tgz",
      "integrity": "sha512-MguG95oij0fC3QV3URf4V2SDYGJhJnJGqvIIgdECeODCT98wSWDAJ94SSuVpYQUoTcGUIL6L4yNB7j1DFFHSBg=="
    },
    "vue": {
      "version": "2.5.13",
      "resolved": "https://registry.npmjs.org/vue/-/vue-2.5.13.tgz",
      "integrity": "sha512-3D+lY7HTkKbtswDM4BBHgqyq+qo8IAEE8lz8va1dz3LLmttjgo0FxairO4r1iN2OBqk8o1FyL4hvzzTFEdQSEw=="
    },
    "vue-meteor-tracker": {
      "version": "1.2.3",
      "resolved": "https://registry.npmjs.org/vue-meteor-tracker/-/vue-meteor-tracker-1.2.3.tgz",
      "integrity": "sha1-7wiuyVbC+mwjFFuufw8oFIDtsFA=",
      "requires": {
        "lodash.omit": "4.5.0"
      }
    }
  }
}
